
Microsoft Visual Studio Solution File, Format Version 12.00
# Visual Studio Version 17
VisualStudioVersion = 17.1.32319.34
MinimumVisualStudioVersion = 10.0.40219.1
Project("{9A19103F-16F7-4668-BE54-9A1E7A4F7556}") = "API", "API\API.csproj", "{CA7BBE35-9927-42A7-B589-B4660B57F2BC}"
EndProject
Project("{9A19103F-16F7-4668-BE54-9A1E7A4F7556}") = "Entities", "Entities\Entities.csproj", "{6A3263AE-D073-4A5E-88BF-467EEE30C4CB}"
EndProject
Project("{9A19103F-16F7-4668-BE54-9A1E7A4F7556}") = "Models", "Models\Models.csproj", "{518DAC7A-3919-4DB9-8657-130CC58004F6}"
EndProject
Project("{9A19103F-16F7-4668-BE54-9A1E7A4F7556}") = "BusinessLayer", "BusinessLayer\BusinessLayer.csproj", "{AEB646F1-EA79-40A8-807E-6C124D52831E}"
EndProject
Project("{9A19103F-16F7-4668-BE54-9A1E7A4F7556}") = "Data", "Data\Data.csproj", "{6948FD14-4ED3-4BDE-8382-5E297B21C393}"
EndProject
Project("{9A19103F-16F7-4668-BE54-9A1E7A4F7556}") = "Infrastructure", "Infrastructure\Infrastructure.csproj", "{3CCF5443-2A67-43B7-99F4-B9FDC8E4D4CD}"
EndProject
Project("{E53339B2-1760-4266-BCC7-CA923CBCF16C}") = "docker-compose", "docker-compose.dcproj", "{C5E14E77-5E5A-4A1D-B417-356B9D3A8AF0}"
EndProject
Project("{54A90642-561A-4BB1-A94E-469ADEE60C69}") = "client", "client\client.esproj", "{C4765AD8-A828-4BB3-B4E2-B2DD8D56959F}"
EndProject
Global
	GlobalSection(SolutionConfigurationPlatforms) = preSolution
		Debug|Any CPU = Debug|Any CPU
		Debug|x64 = Debug|x64
		Debug|x86 = Debug|x86
		Release|Any CPU = Release|Any CPU
		Release|x64 = Release|x64
		Release|x86 = Release|x86
	EndGlobalSection
	GlobalSection(ProjectConfigurationPlatforms) = postSolution
		{CA7BBE35-9927-42A7-B589-B4660B57F2BC}.Debug|Any CPU.ActiveCfg = Debug|Any CPU
		{CA7BBE35-9927-42A7-B589-B4660B57F2BC}.Debug|Any CPU.Build.0 = Debug|Any CPU
		{CA7BBE35-9927-42A7-B589-B4660B57F2BC}.Debug|x64.ActiveCfg = Debug|Any CPU
		{CA7BBE35-9927-42A7-B589-B4660B57F2BC}.Debug|x64.Build.0 = Debug|Any CPU
		{CA7BBE35-9927-42A7-B589-B4660B57F2BC}.Debug|x86.ActiveCfg = Debug|Any CPU
		{CA7BBE35-9927-42A7-B589-B4660B57F2BC}.Debug|x86.Build.0 = Debug|Any CPU
		{CA7BBE35-9927-42A7-B589-B4660B57F2BC}.Release|Any CPU.ActiveCfg = Release|Any CPU
		{CA7BBE35-9927-42A7-B589-B4660B57F2BC}.Release|Any CPU.Build.0 = Release|Any CPU
		{CA7BBE35-9927-42A7-B589-B4660B57F2BC}.Release|x64.ActiveCfg = Release|Any CPU
		{CA7BBE35-9927-42A7-B589-B4660B57F2BC}.Release|x64.Build.0 = Release|Any CPU
		{CA7BBE35-9927-42A7-B589-B4660B57F2BC}.Release|x86.ActiveCfg = Release|Any CPU
		{CA7BBE35-9927-42A7-B589-B4660B57F2BC}.Release|x86.Build.0 = Release|Any CPU
		{6A3263AE-D073-4A5E-88BF-467EEE30C4CB}.Debug|Any CPU.ActiveCfg = Debug|Any CPU
		{6A3263AE-D073-4A5E-88BF-467EEE30C4CB}.Debug|Any CPU.Build.0 = Debug|Any CPU
		{6A3263AE-D073-4A5E-88BF-467EEE30C4CB}.Debug|x64.ActiveCfg = Debug|Any CPU
		{6A3263AE-D073-4A5E-88BF-467EEE30C4CB}.Debug|x64.Build.0 = Debug|Any CPU
		{6A3263AE-D073-4A5E-88BF-467EEE30C4CB}.Debug|x86.ActiveCfg = Debug|Any CPU
		{6A3263AE-D073-4A5E-88BF-467EEE30C4CB}.Debug|x86.Build.0 = Debug|Any CPU
		{6A3263AE-D073-4A5E-88BF-467EEE30C4CB}.Release|Any CPU.ActiveCfg = Release|Any CPU
		{6A3263AE-D073-4A5E-88BF-467EEE30C4CB}.Release|Any CPU.Build.0 = Release|Any CPU
		{6A3263AE-D073-4A5E-88BF-467EEE30C4CB}.Release|x64.ActiveCfg = Release|Any CPU
		{6A3263AE-D073-4A5E-88BF-467EEE30C4CB}.Release|x64.Build.0 = Release|Any CPU
		{6A3263AE-D073-4A5E-88BF-467EEE30C4CB}.Release|x86.ActiveCfg = Release|Any CPU
		{6A3263AE-D073-4A5E-88BF-467EEE30C4CB}.Release|x86.Build.0 = Release|Any CPU
		{518DAC7A-3919-4DB9-8657-130CC58004F6}.Debug|Any CPU.ActiveCfg = Debug|Any CPU
		{518DAC7A-3919-4DB9-8657-130CC58004F6}.Debug|Any CPU.Build.0 = Debug|Any CPU
		{518DAC7A-3919-4DB9-8657-130CC58004F6}.Debug|x64.ActiveCfg = Debug|Any CPU
		{518DAC7A-3919-4DB9-8657-130CC58004F6}.Debug|x64.Build.0 = Debug|Any CPU
		{518DAC7A-3919-4DB9-8657-130CC58004F6}.Debug|x86.ActiveCfg = Debug|Any CPU
		{518DAC7A-3919-4DB9-8657-130CC58004F6}.Debug|x86.Build.0 = Debug|Any CPU
		{518DAC7A-3919-4DB9-8657-130CC58004F6}.Release|Any CPU.ActiveCfg = Release|Any CPU
		{518DAC7A-3919-4DB9-8657-130CC58004F6}.Release|Any CPU.Build.0 = Release|Any CPU
		{518DAC7A-3919-4DB9-8657-130CC58004F6}.Release|x64.ActiveCfg = Release|Any CPU
		{518DAC7A-3919-4DB9-8657-130CC58004F6}.Release|x64.Build.0 = Release|Any CPU
		{518DAC7A-3919-4DB9-8657-130CC58004F6}.Release|x86.ActiveCfg = Release|Any CPU
		{518DAC7A-3919-4DB9-8657-130CC58004F6}.Release|x86.Build.0 = Release|Any CPU
		{AEB646F1-EA79-40A8-807E-6C124D52831E}.Debug|Any CPU.ActiveCfg = Debug|Any CPU
		{AEB646F1-EA79-40A8-807E-6C124D52831E}.Debug|Any CPU.Build.0 = Debug|Any CPU
		{AEB646F1-EA79-40A8-807E-6C124D52831E}.Debug|x64.ActiveCfg = Debug|Any CPU
		{AEB646F1-EA79-40A8-807E-6C124D52831E}.Debug|x64.Build.0 = Debug|Any CPU
		{AEB646F1-EA79-40A8-807E-6C124D52831E}.Debug|x86.ActiveCfg = Debug|Any CPU
		{AEB646F1-EA79-40A8-807E-6C124D52831E}.Debug|x86.Build.0 = Debug|Any CPU
		{AEB646F1-EA79-40A8-807E-6C124D52831E}.Release|Any CPU.ActiveCfg = Release|Any CPU
		{AEB646F1-EA79-40A8-807E-6C124D52831E}.Release|Any CPU.Build.0 = Release|Any CPU
		{AEB646F1-EA79-40A8-807E-6C124D52831E}.Release|x64.ActiveCfg = Release|Any CPU
		{AEB646F1-EA79-40A8-807E-6C124D52831E}.Release|x64.Build.0 = Release|Any CPU
		{AEB646F1-EA79-40A8-807E-6C124D52831E}.Release|x86.ActiveCfg = Release|Any CPU
		{AEB646F1-EA79-40A8-807E-6C124D52831E}.Release|x86.Build.0 = Release|Any CPU
		{6948FD14-4ED3-4BDE-8382-5E297B21C393}.Debug|Any CPU.ActiveCfg = Debug|Any CPU
		{6948FD14-4ED3-4BDE-8382-5E297B21C393}.Debug|Any CPU.Build.0 = Debug|Any CPU
		{6948FD14-4ED3-4BDE-8382-5E297B21C393}.Debug|x64.ActiveCfg = Debug|Any CPU
		{6948FD14-4ED3-4BDE-8382-5E297B21C393}.Debug|x64.Build.0 = Debug|Any CPU
		{6948FD14-4ED3-4BDE-8382-5E297B21C393}.Debug|x86.ActiveCfg = Debug|Any CPU
		{6948FD14-4ED3-4BDE-8382-5E297B21C393}.Debug|x86.Build.0 = Debug|Any CPU
		{6948FD14-4ED3-4BDE-8382-5E297B21C393}.Release|Any CPU.ActiveCfg = Release|Any CPU
		{6948FD14-4ED3-4BDE-8382-5E297B21C393}.Release|Any CPU.Build.0 = Release|Any CPU
		{6948FD14-4ED3-4BDE-8382-5E297B21C393}.Release|x64.ActiveCfg = Release|Any CPU
		{6948FD14-4ED3-4BDE-8382-5E297B21C393}.Release|x64.Build.0 = Release|Any CPU
		{6948FD14-4ED3-4BDE-8382-5E297B21C393}.Release|x86.ActiveCfg = Release|Any CPU
		{6948FD14-4ED3-4BDE-8382-5E297B21C393}.Release|x86.Build.0 = Release|Any CPU
		{3CCF5443-2A67-43B7-99F4-B9FDC8E4D4CD}.Debug|Any CPU.ActiveCfg = Debug|Any CPU
		{3CCF5443-2A67-43B7-99F4-B9FDC8E4D4CD}.Debug|Any CPU.Build.0 = Debug|Any CPU
		{3CCF5443-2A67-43B7-99F4-B9FDC8E4D4CD}.Debug|x64.ActiveCfg = Debug|Any CPU
		{3CCF5443-2A67-43B7-99F4-B9FDC8E4D4CD}.Debug|x64.Build.0 = Debug|Any CPU
		{3CCF5443-2A67-43B7-99F4-B9FDC8E4D4CD}.Debug|x86.ActiveCfg = Debug|Any CPU
		{3CCF5443-2A67-43B7-99F4-B9FDC8E4D4CD}.Debug|x86.Build.0 = Debug|Any CPU
		{3CCF5443-2A67-43B7-99F4-B9FDC8E4D4CD}.Release|Any CPU.ActiveCfg = Release|Any CPU
		{3CCF5443-2A67-43B7-99F4-B9FDC8E4D4CD}.Release|Any CPU.Build.0 = Release|Any CPU
		{3CCF5443-2A67-43B7-99F4-B9FDC8E4D4CD}.Release|x64.ActiveCfg = Release|Any CPU
		{3CCF5443-2A67-43B7-99F4-B9FDC8E4D4CD}.Release|x64.Build.0 = Release|Any CPU
		{3CCF5443-2A67-43B7-99F4-B9FDC8E4D4CD}.Release|x86.ActiveCfg = Release|Any CPU
		{3CCF5443-2A67-43B7-99F4-B9FDC8E4D4CD}.Release|x86.Build.0 = Release|Any CPU
		{C5E14E77-5E5A-4A1D-B417-356B9D3A8AF0}.Debug|Any CPU.ActiveCfg = Debug|Any CPU
		{C5E14E77-5E5A-4A1D-B417-356B9D3A8AF0}.Debug|Any CPU.Build.0 = Debug|Any CPU
		{C5E14E77-5E5A-4A1D-B417-356B9D3A8AF0}.Debug|x64.ActiveCfg = Debug|Any CPU
		{C5E14E77-5E5A-4A1D-B417-356B9D3A8AF0}.Debug|x64.Build.0 = Debug|Any CPU
		{C5E14E77-5E5A-4A1D-B417-356B9D3A8AF0}.Debug|x86.ActiveCfg = Debug|Any CPU
		{C5E14E77-5E5A-4A1D-B417-356B9D3A8AF0}.Debug|x86.Build.0 = Debug|Any CPU
		{C5E14E77-5E5A-4A1D-B417-356B9D3A8AF0}.Release|Any CPU.ActiveCfg = Release|Any CPU
		{C5E14E77-5E5A-4A1D-B417-356B9D3A8AF0}.Release|Any CPU.Build.0 = Release|Any CPU
		{C5E14E77-5E5A-4A1D-B417-356B9D3A8AF0}.Release|x64.ActiveCfg = Release|Any CPU
		{C5E14E77-5E5A-4A1D-B417-356B9D3A8AF0}.Release|x64.Build.0 = Release|Any CPU
		{C5E14E77-5E5A-4A1D-B417-356B9D3A8AF0}.Release|x86.ActiveCfg = Release|Any CPU
		{C5E14E77-5E5A-4A1D-B417-356B9D3A8AF0}.Release|x86.Build.0 = Release|Any CPU
		{C4765AD8-A828-4BB3-B4E2-B2DD8D56959F}.Debug|Any CPU.ActiveCfg = Debug|Any CPU
		{C4765AD8-A828-4BB3-B4E2-B2DD8D56959F}.Debug|Any CPU.Build.0 = Debug|Any CPU
		{C4765AD8-A828-4BB3-B4E2-B2DD8D56959F}.Debug|Any CPU.Deploy.0 = Debug|Any CPU
		{C4765AD8-A828-4BB3-B4E2-B2DD8D56959F}.Debug|x64.ActiveCfg = Debug|Any CPU
		{C4765AD8-A828-4BB3-B4E2-B2DD8D56959F}.Debug|x64.Build.0 = Debug|Any CPU
		{C4765AD8-A828-4BB3-B4E2-B2DD8D56959F}.Debug|x64.Deploy.0 = Debug|Any CPU
		{C4765AD8-A828-4BB3-B4E2-B2DD8D56959F}.Debug|x86.ActiveCfg = Debug|Any CPU
		{C4765AD8-A828-4BB3-B4E2-B2DD8D56959F}.Debug|x86.Build.0 = Debug|Any CPU
		{C4765AD8-A828-4BB3-B4E2-B2DD8D56959F}.Debug|x86.Deploy.0 = Debug|Any CPU
		{C4765AD8-A828-4BB3-B4E2-B2DD8D56959F}.Release|Any CPU.ActiveCfg = Release|Any CPU
		{C4765AD8-A828-4BB3-B4E2-B2DD8D56959F}.Release|Any CPU.Build.0 = Release|Any CPU
		{C4765AD8-A828-4BB3-B4E2-B2DD8D56959F}.Release|Any CPU.Deploy.0 = Release|Any CPU
		{C4765AD8-A828-4BB3-B4E2-B2DD8D56959F}.Release|x64.ActiveCfg = Release|Any CPU
		{C4765AD8-A828-4BB3-B4E2-B2DD8D56959F}.Release|x64.Build.0 = Release|Any CPU
		{C4765AD8-A828-4BB3-B4E2-B2DD8D56959F}.Release|x64.Deploy.0 = Release|Any CPU
		{C4765AD8-A828-4BB3-B4E2-B2DD8D56959F}.Release|x86.ActiveCfg = Release|Any CPU
		{C4765AD8-A828-4BB3-B4E2-B2DD8D56959F}.Release|x86.Build.0 = Release|Any CPU
		{C4765AD8-A828-4BB3-B4E2-B2DD8D56959F}.Release|x86.Deploy.0 = Release|Any CPU
	EndGlobalSection
	GlobalSection(SolutionProperties) = preSolution
		HideSolutionNode = FALSE
	EndGlobalSection
	GlobalSection(ExtensibilityGlobals) = postSolution
		SolutionGuid = {26A4724E-2803-4473-90BE-6C76CF16F39C}
	EndGlobalSection
EndGlobal
